
Microsoft Visual Studio Solution File, Format Version 12.00
# Visual Studio Version 17
VisualStudioVersion = 17.6.33815.320
MinimumVisualStudioVersion = 10.0.40219.1
Project("{8BC9CEB8-8B4A-11D0-8D11-00A0C91BC942}") = "RadSwitch", "RadSwitch.vcxproj", "{6C6C4EAF-C539-4BC2-8BD7-FF0ECC020734}"
EndProject
Global
	GlobalSection(SolutionConfigurationPlatforms) = preSolution
		Debug|x64 = Debug|x64
		Debug|x86 = Debug|x86
		Release|x64 = Release|x64
		Release|x86 = Release|x86
	EndGlobalSection
	GlobalSection(ProjectConfigurationPlatforms) = postSolution
		{6C6C4EAF-C539-4BC2-8BD7-FF0ECC020734}.Debug|x64.ActiveCfg = Debug|x64
		{6C6C4EAF-C539-4BC2-8BD7-FF0ECC020734}.Debug|x64.Build.0 = Debug|x64
		{6C6C4EAF-C539-4BC2-8BD7-FF0ECC020734}.Debug|x86.ActiveCfg = Debug|Win32
		{6C6C4EAF-C539-4BC2-8BD7-FF0ECC020734}.Debug|x86.Build.0 = Debug|Win32
		{6C6C4EAF-C539-4BC2-8BD7-FF0ECC020734}.Release|x64.ActiveCfg = Release|x64
		{6C6C4EAF-C539-4BC2-8BD7-FF0ECC020734}.Release|x64.Build.0 = Release|x64
		{6C6C4EAF-C539-4BC2-8BD7-FF0ECC020734}.Release|x86.ActiveCfg = Release|Win32
		{6C6C4EAF-C539-4BC2-8BD7-FF0ECC020734}.Release|x86.Build.0 = Release|Win32
	EndGlobalSection
	GlobalSection(SolutionProperties) = preSolution
		HideSolutionNode = FALSE
	EndGlobalSection
	GlobalSection(ExtensibilityGlobals) = postSolution
		SolutionGuid = {4C20B656-B8F5-44D8-8B58-656EE731D532}
	EndGlobalSection
EndGlobal
